lockfileVersion: '9.0'

settings:
  autoInstallPeers: true
  excludeLinksFromLockfile: false

importers:

  .:
    dependencies:
      '@modelcontextprotocol/server':
        specifier: 2.1.0
        version: 2.1.0
      mcp-handler:
        specifier: 2.2.0
        version: 2.2.0(@modelcontextprotocol/server@2.1.0)
      zod:
        specifier: 4.6.5
        version: 4.6.5

packages:

  '@modelcontextprotocol/core@2.1.0':
    resolution: {integrity: sha512-YdFj5gMRHr0gYNAhTbQDgjLHiEJdIAUYxomhKseUNye7ZGlISQmUoLh2sveFFCiQ7j2YMffT1kgSND0FSfIFjQ==}
    engines: {node: '>=20'}

  '@modelcontextprotocol/server@2.1.0':
    resolution: {integrity: sha512-FdvwZU5N03O77Suh35JqjAqq5R1ZTEPFtwu6N4BgBq28qrQtrCnpbLL5U2pwYCuE194jAw0xnlOVmIqhfoYuUQ==}
    engines: {node: '>=20'}

  chalk@5.6.2:
    resolution: {integrity: sha512-7NzBL0rN6fMUW+f7A6Io4h40qQlG+xGmtMxfbnH/K7TAtt8JQWVQK+6g0UXKMeVJoyV5EkkNsErQ8pVD3bLHbA==}
    engines: {node: ^12.17.0 || ^14.13 || >=16.0.0}

  commander@11.1.0:
    resolution: {integrity: sha512-yPVavfyCcRhmorC7rWlkHn15b4wDVgVmBA7kV4QVBsF7kv/9TKJAbAXVTxvTnwP8HHKjRCJDClKbciiYS7p0DQ==}
    engines: {node: '>=16'}

  mcp-handler@2.2.0:
    resolution: {integrity: sha512-loJsIem4jM1jLUsI4x2errOHSzvU+Et6XV4Aqq1AEUkHOqridUoY4dLM02OlRfsku+OjtMlk+tHyYjpfO65X6g==}
    engines: {node: '>=20'}
    hasBin: true
    peerDependencies:
      '@modelcontextprotocol/server': ^2.0.0
      next: '>=13.0.0'
    peerDependenciesMeta:
      next:
        optional: true

  zod@4.6.5:
    resolution: {integrity: sha512-v5l/aFXZQeai4awLbOpSoHecE9UiMrnfx75tEXLjNonXVARxQ5mOeipTjROUchszUNCqnE+hqAMujRsRHsut2Q==}

snapshots:

  '@modelcontextprotocol/core@2.1.0':
    dependencies:
      zod: 4.6.5

  '@modelcontextprotocol/server@2.1.0':
    dependencies:
      '@modelcontextprotocol/core': 2.1.0
      zod: 4.6.5

  chalk@5.6.2: {}

  commander@11.1.0: {}

  mcp-handler@2.2.0(@modelcontextprotocol/server@2.1.0):
    dependencies:
      '@modelcontextprotocol/server': 2.1.0
      chalk: 5.6.2
      commander: 11.1.0

  zod@4.6.5: {}
